{
  "name": "@edx/mockprock",
  "version": "1.0.2",
  "lockfileVersion": 2,
  "requires": true,
  "packages": {
    "": {
      "name": "@edx/mockprock",
      "version": "1.0.2",
      "license": "Apache-2.0",
      "dependencies": {
        "@edx/edx-proctoring": "^1.5.0-rc.1"
      }
    },
    "node_modules/@edx/edx-proctoring": {
      "version": "1.7.1",
      "resolved": "https://registry.npmjs.org/@edx/edx-proctoring/-/edx-proctoring-1.7.1.tgz",
      "integrity": "sha512-wzESwn6Him9LizgqtxV8K19w+9RtYP83pkGxlSUpZphvRvo3/kxO23A/X2echswz8Leqa1f4UTkndGVWSJpWsw=="
    }
  },
  "dependencies": {
    "@edx/edx-proctoring": {
      "version": "1.7.1",
      "resolved": "https://registry.npmjs.org/@edx/edx-proctoring/-/edx-proctoring-1.7.1.tgz",
      "integrity": "sha512-wzESwn6Him9LizgqtxV8K19w+9RtYP83pkGxlSUpZphvRvo3/kxO23A/X2echswz8Leqa1f4UTkndGVWSJpWsw=="
    }
  }
}
