{
  "name": "@edx/mockprock",
  "version": "1.0.2",
  "lockfileVersion": 3,
  "requires": true,
  "packages": {
    "": {
      "name": "@edx/mockprock",
      "version": "1.0.2",
      "license": "Apache-2.0",
      "dependencies": {
        "@edx/edx-proctoring": "^4.9.0"
      }
    },
    "node_modules/@edx/edx-proctoring": {
      "version": "4.18.1",
      "resolved": "https://registry.npmjs.org/@edx/edx-proctoring/-/edx-proctoring-4.18.1.tgz",
      "integrity": "sha512-W8g8NFulXzGFjd2+ARGd8qbfYm7sPOQsCThPQBwivIYTRyPbcevjhUIe1yr7C1rgcBoYn9SsXPfZosNHLX61WQ=="
    }
  }
}
