{
  "name": "@edx/mockprock",
  "version": "1.0.2",
  "lockfileVersion": 1,
  "requires": true,
  "dependencies": {
    "@edx/edx-proctoring": {
      "version": "1.5.0-rc.1",
      "resolved": "https://registry.npmjs.org/@edx/edx-proctoring/-/edx-proctoring-1.5.0-rc.1.tgz",
      "integrity": "sha512-ONkLR0jW1REC+Z40FPLP0lhT/TEF1UR2sElrpfmO2gTxYbk/Dw5ah9eYPOhBuQNp4giYDzZeCNfz5pgILDeo9w=="
    }
  }
}
